<Solution>
  <Folder Name="/Solution Items/">
    <File Path="Directory.Build.props" />
    <File Path="LICENSE.txt" />
    <File Path="version.props" />
    <File Path="global.json" />
    <File Path="README.md" />
  </Folder>
  <Project Path="src/WinDataBinding.SourceGenerator.Attributes/WinDataBinding.SourceGenerator.Attributes.csproj" />
  <Project Path="test/WinDataBinding.SourceGenerator.Tests/WinDataBinding.SourceGenerator.Tests.csproj" Id="3d85f42b-638a-4e94-bfcb-a4f3fe163ce3" />
  <Project Path="src/WinDataBinding.SourceGenerator/WinDataBinding.SourceGenerator.csproj" />
</Solution>
