<Solution>
  <Folder Name="/Solution Items/">
    <File Path="Directory.Build.props" />
    <File Path="global.json" />
    <File Path="README.md" />
    <File Path="Rules.md" />
  </Folder>
  <Project Path="WpfGridData.SourceGenerator.Tests/WpfGridData.SourceGenerator.Tests.csproj" Id="3d85f42b-638a-4e94-bfcb-a4f3fe163ce3" />
  <Project Path="WpfGridData.SourceGenerator/WpfGridData.SourceGenerator.csproj" />
  <Project Path="WpfGridData/WpfGridData.csproj" />
</Solution>
